
Microsoft Visual Studio Solution File, Format Version 12.00
Project("{FAE04EC0-301F-11D3-BF4B-00C04F79EFBC}") = "WebApi", "WebApi\WebApi.csproj", "{1C291537-8DF6-4980-9647-DCFDA3438881}"
EndProject
Project("{FAE04EC0-301F-11D3-BF4B-00C04F79EFBC}") = "Domain", "Domain\Domain.csproj", "{131BE70C-888E-484C-8BB1-92F8699312A7}"
EndProject
Project("{FAE04EC0-301F-11D3-BF4B-00C04F79EFBC}") = "DomainServices", "DomainServices\DomainServices.csproj", "{48D66A42-6B7B-4355-B321-7C6E574BE952}"
EndProject
Project("{FAE04EC0-301F-11D3-BF4B-00C04F79EFBC}") = "Infrastructure", "Infrastructure\Infrastructure.csproj", "{CC70EF2A-2D01-4D6B-9030-56D13623589B}"
EndProject
Project("{2150E333-8FDC-42A3-9474-1A3956D46DE8}") = "src", "src", "{AD806246-8ADC-450C-93EE-91073A0DD3AF}"
EndProject
Project("{2150E333-8FDC-42A3-9474-1A3956D46DE8}") = "tests", "tests", "{E629A76A-6002-468B-A02C-84749BA34439}"
EndProject
Project("{FAE04EC0-301F-11D3-BF4B-00C04F79EFBC}") = "DataAccess", "DataAccess\DataAccess.csproj", "{4F275CE4-560D-428A-9EB8-12AA87FFF14D}"
EndProject
Project("{FAE04EC0-301F-11D3-BF4B-00C04F79EFBC}") = "ApplicationServices", "ApplicationServices\ApplicationServices.csproj", "{1FDC2245-1549-4954-B31C-D9651F768D1D}"
EndProject
Global
	GlobalSection(SolutionConfigurationPlatforms) = preSolution
		Debug|Any CPU = Debug|Any CPU
		Release|Any CPU = Release|Any CPU
	EndGlobalSection
	GlobalSection(ProjectConfigurationPlatforms) = postSolution
		{1C291537-8DF6-4980-9647-DCFDA3438881}.Debug|Any CPU.ActiveCfg = Debug|Any CPU
		{1C291537-8DF6-4980-9647-DCFDA3438881}.Debug|Any CPU.Build.0 = Debug|Any CPU
		{1C291537-8DF6-4980-9647-DCFDA3438881}.Release|Any CPU.ActiveCfg = Release|Any CPU
		{1C291537-8DF6-4980-9647-DCFDA3438881}.Release|Any CPU.Build.0 = Release|Any CPU
		{131BE70C-888E-484C-8BB1-92F8699312A7}.Debug|Any CPU.ActiveCfg = Debug|Any CPU
		{131BE70C-888E-484C-8BB1-92F8699312A7}.Debug|Any CPU.Build.0 = Debug|Any CPU
		{131BE70C-888E-484C-8BB1-92F8699312A7}.Release|Any CPU.ActiveCfg = Release|Any CPU
		{131BE70C-888E-484C-8BB1-92F8699312A7}.Release|Any CPU.Build.0 = Release|Any CPU
		{48D66A42-6B7B-4355-B321-7C6E574BE952}.Debug|Any CPU.ActiveCfg = Debug|Any CPU
		{48D66A42-6B7B-4355-B321-7C6E574BE952}.Debug|Any CPU.Build.0 = Debug|Any CPU
		{48D66A42-6B7B-4355-B321-7C6E574BE952}.Release|Any CPU.ActiveCfg = Release|Any CPU
		{48D66A42-6B7B-4355-B321-7C6E574BE952}.Release|Any CPU.Build.0 = Release|Any CPU
		{CC70EF2A-2D01-4D6B-9030-56D13623589B}.Debug|Any CPU.ActiveCfg = Debug|Any CPU
		{CC70EF2A-2D01-4D6B-9030-56D13623589B}.Debug|Any CPU.Build.0 = Debug|Any CPU
		{CC70EF2A-2D01-4D6B-9030-56D13623589B}.Release|Any CPU.ActiveCfg = Release|Any CPU
		{CC70EF2A-2D01-4D6B-9030-56D13623589B}.Release|Any CPU.Build.0 = Release|Any CPU
		{4F275CE4-560D-428A-9EB8-12AA87FFF14D}.Debug|Any CPU.ActiveCfg = Debug|Any CPU
		{4F275CE4-560D-428A-9EB8-12AA87FFF14D}.Debug|Any CPU.Build.0 = Debug|Any CPU
		{4F275CE4-560D-428A-9EB8-12AA87FFF14D}.Release|Any CPU.ActiveCfg = Release|Any CPU
		{4F275CE4-560D-428A-9EB8-12AA87FFF14D}.Release|Any CPU.Build.0 = Release|Any CPU
		{1FDC2245-1549-4954-B31C-D9651F768D1D}.Debug|Any CPU.ActiveCfg = Debug|Any CPU
		{1FDC2245-1549-4954-B31C-D9651F768D1D}.Debug|Any CPU.Build.0 = Debug|Any CPU
		{1FDC2245-1549-4954-B31C-D9651F768D1D}.Release|Any CPU.ActiveCfg = Release|Any CPU
		{1FDC2245-1549-4954-B31C-D9651F768D1D}.Release|Any CPU.Build.0 = Release|Any CPU
	EndGlobalSection
	GlobalSection(NestedProjects) = preSolution
		{48D66A42-6B7B-4355-B321-7C6E574BE952} = {AD806246-8ADC-450C-93EE-91073A0DD3AF}
		{131BE70C-888E-484C-8BB1-92F8699312A7} = {AD806246-8ADC-450C-93EE-91073A0DD3AF}
		{CC70EF2A-2D01-4D6B-9030-56D13623589B} = {AD806246-8ADC-450C-93EE-91073A0DD3AF}
		{1C291537-8DF6-4980-9647-DCFDA3438881} = {AD806246-8ADC-450C-93EE-91073A0DD3AF}
		{4F275CE4-560D-428A-9EB8-12AA87FFF14D} = {AD806246-8ADC-450C-93EE-91073A0DD3AF}
		{1FDC2245-1549-4954-B31C-D9651F768D1D} = {AD806246-8ADC-450C-93EE-91073A0DD3AF}
	EndGlobalSection
EndGlobal
